
Microsoft Visual Studio Solution File, Format Version 12.00
# Visual Studio 15
Project("{FAE04EC0-301F-11D3-BF4B-00C04F79EFBC}") = "Kadang-Kadang Game", "Assembly-CSharp.csproj", "{EF44999D-161F-CB25-E1A1-4BEDBDEEDD12}"
EndProject
Project("{FAE04EC0-301F-11D3-BF4B-00C04F79EFBC}") = "Kadang-Kadang Game", "Assembly-CSharp-Editor.csproj", "{067C8BE7-6039-4763-307D-868FD2936ED2}"
EndProject
Global
	GlobalSection(SolutionConfigurationPlatforms) = preSolution
		Debug|Any CPU = Debug|Any CPU
		Release|Any CPU = Release|Any CPU
	EndGlobalSection
	GlobalSection(ProjectConfigurationPlatforms) = postSolution
		{EF44999D-161F-CB25-E1A1-4BEDBDEEDD12}.Debug|Any CPU.ActiveCfg = Debug|Any CPU
		{EF44999D-161F-CB25-E1A1-4BEDBDEEDD12}.Debug|Any CPU.Build.0 = Debug|Any CPU
		{EF44999D-161F-CB25-E1A1-4BEDBDEEDD12}.Release|Any CPU.ActiveCfg = Release|Any CPU
		{EF44999D-161F-CB25-E1A1-4BEDBDEEDD12}.Release|Any CPU.Build.0 = Release|Any CPU
		{067C8BE7-6039-4763-307D-868FD2936ED2}.Debug|Any CPU.ActiveCfg = Debug|Any CPU
		{067C8BE7-6039-4763-307D-868FD2936ED2}.Debug|Any CPU.Build.0 = Debug|Any CPU
		{067C8BE7-6039-4763-307D-868FD2936ED2}.Release|Any CPU.ActiveCfg = Release|Any CPU
		{067C8BE7-6039-4763-307D-868FD2936ED2}.Release|Any CPU.Build.0 = Release|Any CPU
	EndGlobalSection
	GlobalSection(SolutionProperties) = preSolution
		HideSolutionNode = FALSE
	EndGlobalSection
EndGlobal
